
Microsoft Visual Studio Solution File, Format Version 12.00
# Visual Studio Version 17
VisualStudioVersion = 17.0.31903.59
MinimumVisualStudioVersion = 10.0.40219.1
Project("{2150E333-8FDC-42A3-9474-1A3956D46DE8}") = "_Meta", "_Meta", "{7A6FF478-56E8-4582-BAF7-B654EEEB90D7}"
	ProjectSection(SolutionItems) = preProject
		.editorconfig = .editorconfig
		..\.gitattributes = ..\.gitattributes
		..\.gitignore = ..\.gitignore
		Directory.Build.props = Directory.Build.props
		..\NuGet.Config = ..\NuGet.Config
	EndProjectSection
EndProject
Project("{2150E333-8FDC-42A3-9474-1A3956D46DE8}") = "Fixture Examples", "Fixture Examples", "{592D764A-0E62-4513-9CD7-1141BE8074E1}"
EndProject
Project("{9A19103F-16F7-4668-BE54-9A1E7A4F7556}") = "DatabaseFixtureExample", "DatabaseFixtureExample\DatabaseFixtureExample.csproj", "{6B3585DF-339B-4E7F-A31B-51E496D8E0F8}"
EndProject
Global
	GlobalSection(SolutionConfigurationPlatforms) = preSolution
		Debug|Any CPU = Debug|Any CPU
		Release|Any CPU = Release|Any CPU
	EndGlobalSection
	GlobalSection(ProjectConfigurationPlatforms) = postSolution
		{6B3585DF-339B-4E7F-A31B-51E496D8E0F8}.Debug|Any CPU.ActiveCfg = Debug|Any CPU
		{6B3585DF-339B-4E7F-A31B-51E496D8E0F8}.Debug|Any CPU.Build.0 = Debug|Any CPU
		{6B3585DF-339B-4E7F-A31B-51E496D8E0F8}.Release|Any CPU.ActiveCfg = Release|Any CPU
		{6B3585DF-339B-4E7F-A31B-51E496D8E0F8}.Release|Any CPU.Build.0 = Release|Any CPU
	EndGlobalSection
	GlobalSection(SolutionProperties) = preSolution
		HideSolutionNode = FALSE
	EndGlobalSection
	GlobalSection(NestedProjects) = preSolution
		{6B3585DF-339B-4E7F-A31B-51E496D8E0F8} = {592D764A-0E62-4513-9CD7-1141BE8074E1}
	EndGlobalSection
EndGlobal
